
Microsoft Visual Studio Solution File, Format Version 12.00
# Visual Studio Version 17
VisualStudioVersion = 17.0.32002.185
MinimumVisualStudioVersion = 10.0.40219.1
Project("{9A19103F-16F7-4668-BE54-9A1E7A4F7556}") = "CloudHub.API", "CloudHub.API\CloudHub.API.csproj", "{D9C7E094-2A0D-4DBE-8732-27CA0B908927}"
EndProject
Project("{9A19103F-16F7-4668-BE54-9A1E7A4F7556}") = "CloudHub.Domain", "CloudHub.Domain\CloudHub.Domain.csproj", "{4F931B31-3403-45B2-99DD-AC6FF55149F9}"
EndProject
Project("{9A19103F-16F7-4668-BE54-9A1E7A4F7556}") = "CloudHub.Utils", "CloudHub.Utils\CloudHub.Utils.csproj", "{267BDDBA-85DC-4D17-9C67-7D3EB77989D6}"
EndProject
Project("{9A19103F-16F7-4668-BE54-9A1E7A4F7556}") = "CloudHub.ServiceProvider", "CloudHub.Infra\CloudHub.ServiceProvider.csproj", "{2E981353-5001-4E17-B63C-15A83695EE98}"
EndProject
Project("{9A19103F-16F7-4668-BE54-9A1E7A4F7556}") = "CloudHub.Tests.Integration", "CloudHub.Tests.Integration\CloudHub.Tests.Integration.csproj", "{F1EABB2A-31AC-42FA-A569-78064DB59EA8}"
EndProject
Project("{9A19103F-16F7-4668-BE54-9A1E7A4F7556}") = "CloudHub.Tests.Unit", "CloudHub.Tests.Unit\CloudHub.Tests.Unit.csproj", "{D1160AB1-13C7-48AB-BC25-A5932FDA1C62}"
EndProject
Global
	GlobalSection(SolutionConfigurationPlatforms) = preSolution
		Debug|Any CPU = Debug|Any CPU
		Release|Any CPU = Release|Any CPU
	EndGlobalSection
	GlobalSection(ProjectConfigurationPlatforms) = postSolution
		{D9C7E094-2A0D-4DBE-8732-27CA0B908927}.Debug|Any CPU.ActiveCfg = Debug|Any CPU
		{D9C7E094-2A0D-4DBE-8732-27CA0B908927}.Debug|Any CPU.Build.0 = Debug|Any CPU
		{D9C7E094-2A0D-4DBE-8732-27CA0B908927}.Release|Any CPU.ActiveCfg = Release|Any CPU
		{D9C7E094-2A0D-4DBE-8732-27CA0B908927}.Release|Any CPU.Build.0 = Release|Any CPU
		{4F931B31-3403-45B2-99DD-AC6FF55149F9}.Debug|Any CPU.ActiveCfg = Debug|Any CPU
		{4F931B31-3403-45B2-99DD-AC6FF55149F9}.Debug|Any CPU.Build.0 = Debug|Any CPU
		{4F931B31-3403-45B2-99DD-AC6FF55149F9}.Release|Any CPU.ActiveCfg = Release|Any CPU
		{4F931B31-3403-45B2-99DD-AC6FF55149F9}.Release|Any CPU.Build.0 = Release|Any CPU
		{267BDDBA-85DC-4D17-9C67-7D3EB77989D6}.Debug|Any CPU.ActiveCfg = Debug|Any CPU
		{267BDDBA-85DC-4D17-9C67-7D3EB77989D6}.Debug|Any CPU.Build.0 = Debug|Any CPU
		{267BDDBA-85DC-4D17-9C67-7D3EB77989D6}.Release|Any CPU.ActiveCfg = Release|Any CPU
		{267BDDBA-85DC-4D17-9C67-7D3EB77989D6}.Release|Any CPU.Build.0 = Release|Any CPU
		{2E981353-5001-4E17-B63C-15A83695EE98}.Debug|Any CPU.ActiveCfg = Debug|Any CPU
		{2E981353-5001-4E17-B63C-15A83695EE98}.Debug|Any CPU.Build.0 = Debug|Any CPU
		{2E981353-5001-4E17-B63C-15A83695EE98}.Release|Any CPU.ActiveCfg = Release|Any CPU
		{2E981353-5001-4E17-B63C-15A83695EE98}.Release|Any CPU.Build.0 = Release|Any CPU
		{F1EABB2A-31AC-42FA-A569-78064DB59EA8}.Debug|Any CPU.ActiveCfg = Debug|Any CPU
		{F1EABB2A-31AC-42FA-A569-78064DB59EA8}.Debug|Any CPU.Build.0 = Debug|Any CPU
		{F1EABB2A-31AC-42FA-A569-78064DB59EA8}.Release|Any CPU.ActiveCfg = Release|Any CPU
		{F1EABB2A-31AC-42FA-A569-78064DB59EA8}.Release|Any CPU.Build.0 = Release|Any CPU
		{D1160AB1-13C7-48AB-BC25-A5932FDA1C62}.Debug|Any CPU.ActiveCfg = Debug|Any CPU
		{D1160AB1-13C7-48AB-BC25-A5932FDA1C62}.Debug|Any CPU.Build.0 = Debug|Any CPU
		{D1160AB1-13C7-48AB-BC25-A5932FDA1C62}.Release|Any CPU.ActiveCfg = Release|Any CPU
		{D1160AB1-13C7-48AB-BC25-A5932FDA1C62}.Release|Any CPU.Build.0 = Release|Any CPU
	EndGlobalSection
	GlobalSection(SolutionProperties) = preSolution
		HideSolutionNode = FALSE
	EndGlobalSection
	GlobalSection(ExtensibilityGlobals) = postSolution
		SolutionGuid = {8AE4FC3C-A2E2-4887-BFC0-D51B664CC3E3}
	EndGlobalSection
EndGlobal
